// !$*UTF8*$!
{
	archiveVersion = 1;
	classes = {
	};
	objectVersion = 46;
	objects = {

/* Begin PBXBuildFile section */
		2B651478778C471A91842491 /* libPods.a in Frameworks */ = {isa = PBXBuildFile; fileRef = A0933832AE2A4A87A3FD8702 /* libPods.a */; };
		D0809D3B18537D8000C79199 /* ROAlertControlCell.m in Sources */ = {isa = PBXBuildFile; fileRef = D0809D3A18537D8000C79199 /* ROAlertControlCell.m */; };
		D0B745921841FB06003AB779 /* Foundation.framework in Frameworks */ = {isa = PBXBuildFile; fileRef = D0B745911841FB06003AB779 /* Foundation.framework */; };
		D0B745941841FB06003AB779 /* CoreGraphics.framework in Frameworks */ = {isa = PBXBuildFile; fileRef = D0B745931841FB06003AB779 /* CoreGraphics.framework */; };
		D0B745961841FB06003AB779 /* UIKit.framework in Frameworks */ = {isa = PBXBuildFile; fileRef = D0B745951841FB06003AB779 /* UIKit.framework */; };
		D0B7459C1841FB06003AB779 /* InfoPlist.strings in Resources */ = {isa = PBXBuildFile; fileRef = D0B7459A1841FB06003AB779 /* InfoPlist.strings */; };
		D0B7459E1841FB06003AB779 /* main.m in Sources */ = {isa = PBXBuildFile; fileRef = D0B7459D1841FB06003AB779 /* main.m */; };
		D0B745A21841FB06003AB779 /* ROAppDelegate.m in Sources */ = {isa = PBXBuildFile; fileRef = D0B745A11841FB06003AB779 /* ROAppDelegate.m */; };
		D0B745A51841FB06003AB779 /* Main_iPhone.storyboard in Resources */ = {isa = PBXBuildFile; fileRef = D0B745A31841FB06003AB779 /* Main_iPhone.storyboard */; };
		D0B745A81841FB06003AB779 /* Main_iPad.storyboard in Resources */ = {isa = PBXBuildFile; fileRef = D0B745A61841FB06003AB779 /* Main_iPad.storyboard */; };
		D0B745AB1841FB06003AB779 /* ROViewController.m in Sources */ = {isa = PBXBuildFile; fileRef = D0B745AA1841FB06003AB779 /* ROViewController.m */; };
		D0B745AD1841FB06003AB779 /* Images.xcassets in Resources */ = {isa = PBXBuildFile; fileRef = D0B745AC1841FB06003AB779 /* Images.xcassets */; };
		D0B745B41841FB07003AB779 /* XCTest.framework in Frameworks */ = {isa = PBXBuildFile; fileRef = D0B745B31841FB07003AB779 /* XCTest.framework */; };
		D0B745B51841FB07003AB779 /* Foundation.framework in Frameworks */ = {isa = PBXBuildFile; fileRef = D0B745911841FB06003AB779 /* Foundation.framework */; };
		D0B745B61841FB07003AB779 /* UIKit.framework in Frameworks */ = {isa = PBXBuildFile; fileRef = D0B745951841FB06003AB779 /* UIKit.framework */; };
		D0B745BE1841FB07003AB779 /* InfoPlist.strings in Resources */ = {isa = PBXBuildFile; fileRef = D0B745BC1841FB07003AB779 /* InfoPlist.strings */; };
		D0B745C01841FB07003AB779 /* BitLiveTests.m in Sources */ = {isa = PBXBuildFile; fileRef = D0B745BF1841FB07003AB779 /* BitLiveTests.m */; };
		D0B745CB1841FBC6003AB779 /* ROBitLiveViewController.m in Sources */ = {isa = PBXBuildFile; fileRef = D0B745CA1841FBC6003AB779 /* ROBitLiveViewController.m */; };
		D0C7E48018477D1700A43EDB /* ROBitPrice.m in Sources */ = {isa = PBXBuildFile; fileRef = D0C7E47F18477D1700A43EDB /* ROBitPrice.m */; };
		D0C7E48418478C4200A43EDB /* ROBitSource.m in Sources */ = {isa = PBXBuildFile; fileRef = D0C7E48318478C4200A43EDB /* ROBitSource.m */; };
		D0D0EA761848ED4A005E0F6E /* ROBitTablePriceCell.m in Sources */ = {isa = PBXBuildFile; fileRef = D0D0EA751848ED4A005E0F6E /* ROBitTablePriceCell.m */; };
		D0ED218B18420561007B5782 /* ROBitPricesManager.m in Sources */ = {isa = PBXBuildFile; fileRef = D0ED218A18420561007B5782 /* ROBitPricesManager.m */; };
/* End PBXBuildFile section */

/* Begin PBXContainerItemProxy section */
		D0B745B71841FB07003AB779 /* PBXContainerItemProxy */ = {
			isa = PBXContainerItemProxy;
			containerPortal = D0B745861841FB06003AB779 /* Project object */;
			proxyType = 1;
			remoteGlobalIDString = D0B7458D1841FB06003AB779;
			remoteInfo = BitLive;
		};
/* End PBXContainerItemProxy section */

/* Begin PBXFileReference section */
		5F79B3DF03A443FCADB49BEB /* Pods.xcconfig */ = {isa = PBXFileReference; includeInIndex = 1; lastKnownFileType = text.xcconfig; name = Pods.xcconfig; path = Pods/Pods.xcconfig; sourceTree = SOURCE_ROOT; };
		A0933832AE2A4A87A3FD8702 /* libPods.a */ = {isa = PBXFileReference; explicitFileType = archive.ar; includeInIndex = 0; path = libPods.a; sourceTree = BUILT_PRODUCTS_DIR; };
		D0809D3918537D8000C79199 /* ROAlertControlCell.h */ = {isa = PBXFileReference; fileEncoding = 4; lastKnownFileType = sourcecode.c.h; path = ROAlertControlCell.h; sourceTree = "<group>"; };
		D0809D3A18537D8000C79199 /* ROAlertControlCell.m */ = {isa = PBXFileReference; fileEncoding = 4; lastKnownFileType = sourcecode.c.objc; path = ROAlertControlCell.m; sourceTree = "<group>"; };
		D0B7458E1841FB06003AB779 /* BitLive.app */ = {isa = PBXFileReference; explicitFileType = wrapper.application; includeInIndex = 0; path = BitLive.app; sourceTree = BUILT_PRODUCTS_DIR; };
		D0B745911841FB06003AB779 /* Foundation.framework */ = {isa = PBXFileReference; lastKnownFileType = wrapper.framework; name = Foundation.framework; path = System/Library/Frameworks/Foundation.framework; sourceTree = SDKROOT; };
		D0B745931841FB06003AB779 /* CoreGraphics.framework */ = {isa = PBXFileReference; lastKnownFileType = wrapper.framework; name = CoreGraphics.framework; path = System/Library/Frameworks/CoreGraphics.framework; sourceTree = SDKROOT; };
		D0B745951841FB06003AB779 /* UIKit.framework */ = {isa = PBXFileReference; lastKnownFileType = wrapper.framework; name = UIKit.framework; path = System/Library/Frameworks/UIKit.framework; sourceTree = SDKROOT; };
		D0B745991841FB06003AB779 /* BitLive-Info.plist */ = {isa = PBXFileReference; lastKnownFileType = text.plist.xml; path = "BitLive-Info.plist"; sourceTree = "<group>"; };
		D0B7459B1841FB06003AB779 /* en */ = {isa = PBXFileReference; lastKnownFileType = text.plist.strings; name = en; path = en.lproj/InfoPlist.strings; sourceTree = "<group>"; };
		D0B7459D1841FB06003AB779 /* main.m */ = {isa = PBXFileReference; lastKnownFileType = sourcecode.c.objc; path = main.m; sourceTree = "<group>"; };
		D0B7459F1841FB06003AB779 /* BitLive-Prefix.pch */ = {isa = PBXFileReference; lastKnownFileType = sourcecode.c.h; path = "BitLive-Prefix.pch"; sourceTree = "<group>"; };
		D0B745A01841FB06003AB779 /* ROAppDelegate.h */ = {isa = PBXFileReference; lastKnownFileType = sourcecode.c.h; path = ROAppDelegate.h; sourceTree = "<group>"; };
		D0B745A11841FB06003AB779 /* ROAppDelegate.m */ = {isa = PBXFileReference; lastKnownFileType = sourcecode.c.objc; path = ROAppDelegate.m; sourceTree = "<group>"; };
		D0B745A41841FB06003AB779 /* Base */ = {isa = PBXFileReference; lastKnownFileType = file.storyboard; name = Base; path = Base.lproj/Main_iPhone.storyboard; sourceTree = "<group>"; };
		D0B745A71841FB06003AB779 /* Base */ = {isa = PBXFileReference; lastKnownFileType = file.storyboard; name = Base; path = Base.lproj/Main_iPad.storyboard; sourceTree = "<group>"; };
		D0B745A91841FB06003AB779 /* ROViewController.h */ = {isa = PBXFileReference; lastKnownFileType = sourcecode.c.h; path = ROViewController.h; sourceTree = "<group>"; };
		D0B745AA1841FB06003AB779 /* ROViewController.m */ = {isa = PBXFileReference; lastKnownFileType = sourcecode.c.objc; path = ROViewController.m; sourceTree = "<group>"; };
		D0B745AC1841FB06003AB779 /* Images.xcassets */ = {isa = PBXFileReference; lastKnownFileType = folder.assetcatalog; path = Images.xcassets; sourceTree = "<group>"; };
		D0B745B21841FB07003AB779 /* BitLiveTests.xctest */ = {isa = PBXFileReference; explicitFileType = wrapper.cfbundle; includeInIndex = 0; path = BitLiveTests.xctest; sourceTree = BUILT_PRODUCTS_DIR; };
		D0B745B31841FB07003AB779 /* XCTest.framework */ = {isa = PBXFileReference; lastKnownFileType = wrapper.framework; name = XCTest.framework; path = Library/Frameworks/XCTest.framework; sourceTree = DEVELOPER_DIR; };
		D0B745BB1841FB07003AB779 /* BitLiveTests-Info.plist */ = {isa = PBXFileReference; lastKnownFileType = text.plist.xml; path = "BitLiveTests-Info.plist"; sourceTree = "<group>"; };
		D0B745BD1841FB07003AB779 /* en */ = {isa = PBXFileReference; lastKnownFileType = text.plist.strings; name = en; path = en.lproj/InfoPlist.strings; sourceTree = "<group>"; };
		D0B745BF1841FB07003AB779 /* BitLiveTests.m */ = {isa = PBXFileReference; lastKnownFileType = sourcecode.c.objc; path = BitLiveTests.m; sourceTree = "<group>"; };
		D0B745C91841FBC6003AB779 /* ROBitLiveViewController.h */ = {isa = PBXFileReference; fileEncoding = 4; lastKnownFileType = sourcecode.c.h; path = ROBitLiveViewController.h; sourceTree = "<group>"; };
		D0B745CA1841FBC6003AB779 /* ROBitLiveViewController.m */ = {isa = PBXFileReference; fileEncoding = 4; lastKnownFileType = sourcecode.c.objc; path = ROBitLiveViewController.m; sourceTree = "<group>"; };
		D0C7E47E18477D1700A43EDB /* ROBitPrice.h */ = {isa = PBXFileReference; fileEncoding = 4; lastKnownFileType = sourcecode.c.h; path = ROBitPrice.h; sourceTree = "<group>"; };
		D0C7E47F18477D1700A43EDB /* ROBitPrice.m */ = {isa = PBXFileReference; fileEncoding = 4; lastKnownFileType = sourcecode.c.objc; path = ROBitPrice.m; sourceTree = "<group>"; };
		D0C7E4811847847D00A43EDB /* ROBitLiveConstants.h */ = {isa = PBXFileReference; lastKnownFileType = sourcecode.c.h; path = ROBitLiveConstants.h; sourceTree = "<group>"; };
		D0C7E48218478C4200A43EDB /* ROBitSource.h */ = {isa = PBXFileReference; fileEncoding = 4; lastKnownFileType = sourcecode.c.h; path = ROBitSource.h; sourceTree = "<group>"; };
		D0C7E48318478C4200A43EDB /* ROBitSource.m */ = {isa = PBXFileReference; fileEncoding = 4; lastKnownFileType = sourcecode.c.objc; path = ROBitSource.m; sourceTree = "<group>"; };
		D0D0EA741848ED49005E0F6E /* ROBitTablePriceCell.h */ = {isa = PBXFileReference; fileEncoding = 4; lastKnownFileType = sourcecode.c.h; path = ROBitTablePriceCell.h; sourceTree = "<group>"; };
		D0D0EA751848ED4A005E0F6E /* ROBitTablePriceCell.m */ = {isa = PBXFileReference; fileEncoding = 4; lastKnownFileType = sourcecode.c.objc; path = ROBitTablePriceCell.m; sourceTree = "<group>"; };
		D0ED218918420561007B5782 /* ROBitPricesManager.h */ = {isa = PBXFileReference; fileEncoding = 4; lastKnownFileType = sourcecode.c.h; path = ROBitPricesManager.h; sourceTree = "<group>"; };
		D0ED218A18420561007B5782 /* ROBitPricesManager.m */ = {isa = PBXFileReference; fileEncoding = 4; lastKnownFileType = sourcecode.c.objc; path = ROBitPricesManager.m; sourceTree = "<group>"; };
/* End PBXFileReference section */

/* Begin PBXFrameworksBuildPhase section */
		D0B7458B1841FB06003AB779 /* Frameworks */ = {
			isa = PBXFrameworksBuildPhase;
			buildActionMask = 2147483647;
			files = (
				D0B745941841FB06003AB779 /* CoreGraphics.framework in Frameworks */,
				D0B745961841FB06003AB779 /* UIKit.framework in Frameworks */,
				D0B745921841FB06003AB779 /* Foundation.framework in Frameworks */,
				2B651478778C471A91842491 /* libPods.a in Frameworks */,
			);
			runOnlyForDeploymentPostprocessing = 0;
		};
		D0B745AF1841FB07003AB779 /* Frameworks */ = {
			isa = PBXFrameworksBuildPhase;
			buildActionMask = 2147483647;
			files = (
				D0B745B41841FB07003AB779 /* XCTest.framework in Frameworks */,
				D0B745B61841FB07003AB779 /* UIKit.framework in Frameworks */,
				D0B745B51841FB07003AB779 /* Foundation.framework in Frameworks */,
			);
			runOnlyForDeploymentPostprocessing = 0;
		};
/* End PBXFrameworksBuildPhase section */

/* Begin PBXGroup section */
		D0B745851841FB06003AB779 = {
			isa = PBXGroup;
			children = (
				D0B745971841FB06003AB779 /* BitLive */,
				D0B745B91841FB07003AB779 /* BitLiveTests */,
				D0B745901841FB06003AB779 /* Frameworks */,
				D0B7458F1841FB06003AB779 /* Products */,
				5F79B3DF03A443FCADB49BEB /* Pods.xcconfig */,
			);
			sourceTree = "<group>";
		};
		D0B7458F1841FB06003AB779 /* Products */ = {
			isa = PBXGroup;
			children = (
				D0B7458E1841FB06003AB779 /* BitLive.app */,
				D0B745B21841FB07003AB779 /* BitLiveTests.xctest */,
			);
			name = Products;
			sourceTree = "<group>";
		};
		D0B745901841FB06003AB779 /* Frameworks */ = {
			isa = PBXGroup;
			children = (
				D0B745911841FB06003AB779 /* Foundation.framework */,
				D0B745931841FB06003AB779 /* CoreGraphics.framework */,
				D0B745951841FB06003AB779 /* UIKit.framework */,
				D0B745B31841FB07003AB779 /* XCTest.framework */,
				A0933832AE2A4A87A3FD8702 /* libPods.a */,
			);
			name = Frameworks;
			sourceTree = "<group>";
		};
		D0B745971841FB06003AB779 /* BitLive */ = {
			isa = PBXGroup;
			children = (
				D0B745A01841FB06003AB779 /* ROAppDelegate.h */,
				D0B745A11841FB06003AB779 /* ROAppDelegate.m */,
				D0B745A31841FB06003AB779 /* Main_iPhone.storyboard */,
				D0B745A61841FB06003AB779 /* Main_iPad.storyboard */,
				D0B745A91841FB06003AB779 /* ROViewController.h */,
				D0B745AA1841FB06003AB779 /* ROViewController.m */,
				D0C7E4811847847D00A43EDB /* ROBitLiveConstants.h */,
				D0ED218918420561007B5782 /* ROBitPricesManager.h */,
				D0ED218A18420561007B5782 /* ROBitPricesManager.m */,
				D0D0EA741848ED49005E0F6E /* ROBitTablePriceCell.h */,
				D0D0EA751848ED4A005E0F6E /* ROBitTablePriceCell.m */,
				D0809D3918537D8000C79199 /* ROAlertControlCell.h */,
				D0809D3A18537D8000C79199 /* ROAlertControlCell.m */,
				D0C7E48518478C4500A43EDB /* Model */,
				D0B745C91841FBC6003AB779 /* ROBitLiveViewController.h */,
				D0B745CA1841FBC6003AB779 /* ROBitLiveViewController.m */,
				D0B745AC1841FB06003AB779 /* Images.xcassets */,
				D0B745981841FB06003AB779 /* Supporting Files */,
			);
			path = BitLive;
			sourceTree = "<group>";
		};
		D0B745981841FB06003AB779 /* Supporting Files */ = {
			isa = PBXGroup;
			children = (
				D0B745991841FB06003AB779 /* BitLive-Info.plist */,
				D0B7459A1841FB06003AB779 /* InfoPlist.strings */,
				D0B7459D1841FB06003AB779 /* main.m */,
				D0B7459F1841FB06003AB779 /* BitLive-Prefix.pch */,
			);
			name = "Supporting Files";
			sourceTree = "<group>";
		};
		D0B745B91841FB07003AB779 /* BitLiveTests */ = {
			isa = PBXGroup;
			children = (
				D0B745BF1841FB07003AB779 /* BitLiveTests.m */,
				D0B745BA1841FB07003AB779 /* Supporting Files */,
			);
			path = BitLiveTests;
			sourceTree = "<group>";
		};
		D0B745BA1841FB07003AB779 /* Supporting Files */ = {
			isa = PBXGroup;
			children = (
				D0B745BB1841FB07003AB779 /* BitLiveTests-Info.plist */,
				D0B745BC1841FB07003AB779 /* InfoPlist.strings */,
			);
			name = "Supporting Files";
			sourceTree = "<group>";
		};
		D0C7E48518478C4500A43EDB /* Model */ = {
			isa = PBXGroup;
			children = (
				D0C7E48218478C4200A43EDB /* ROBitSource.h */,
				D0C7E48318478C4200A43EDB /* ROBitSource.m */,
				D0C7E47E18477D1700A43EDB /* ROBitPrice.h */,
				D0C7E47F18477D1700A43EDB /* ROBitPrice.m */,
			);
			name = Model;
			sourceTree = "<group>";
		};
/* End PBXGroup section */

/* Begin PBXNativeTarget section */
		D0B7458D1841FB06003AB779 /* BitLive */ = {
			isa = PBXNativeTarget;
			buildConfigurationList = D0B745C31841FB07003AB779 /* Build configuration list for PBXNativeTarget "BitLive" */;
			buildPhases = (
				18D5A0BC6C72472B89ED887B /* Check Pods Manifest.lock */,
				D0B7458A1841FB06003AB779 /* Sources */,
				D0B7458B1841FB06003AB779 /* Frameworks */,
				D0B7458C1841FB06003AB779 /* Resources */,
				FC414D45FCBB48F2A562F25C /* Copy Pods Resources */,
			);
			buildRules = (
			);
			dependencies = (
			);
			name = BitLive;
			productName = BitLive;
			productReference = D0B7458E1841FB06003AB779 /* BitLive.app */;
			productType = "com.apple.product-type.application";
		};
		D0B745B11841FB07003AB779 /* BitLiveTests */ = {
			isa = PBXNativeTarget;
			buildConfigurationList = D0B745C61841FB07003AB779 /* Build configuration list for PBXNativeTarget "BitLiveTests" */;
			buildPhases = (
				D0B745AE1841FB07003AB779 /* Sources */,
				D0B745AF1841FB07003AB779 /* Frameworks */,
				D0B745B01841FB07003AB779 /* Resources */,
			);
			buildRules = (
			);
			dependencies = (
				D0B745B81841FB07003AB779 /* PBXTargetDependency */,
			);
			name = BitLiveTests;
			productName = BitLiveTests;
			productReference = D0B745B21841FB07003AB779 /* BitLiveTests.xctest */;
			productType = "com.apple.product-type.bundle.unit-test";
		};
/* End PBXNativeTarget section */

/* Begin PBXProject section */
		D0B745861841FB06003AB779 /* Project object */ = {
			isa = PBXProject;
			attributes = {
				CLASSPREFIX = RO;
				LastUpgradeCheck = 0500;
				ORGANIZATIONNAME = iamro;
				TargetAttributes = {
					D0B7458D1841FB06003AB779 = {
						SystemCapabilities = {
							com.apple.BackgroundModes = {
								enabled = 1;
							};
						};
					};
					D0B745B11841FB07003AB779 = {
						TestTargetID = D0B7458D1841FB06003AB779;
					};
				};
			};
			buildConfigurationList = D0B745891841FB06003AB779 /* Build configuration list for PBXProject "BitLive" */;
			compatibilityVersion = "Xcode 3.2";
			developmentRegion = English;
			hasScannedForEncodings = 0;
			knownRegions = (
				en,
				Base,
			);
			mainGroup = D0B745851841FB06003AB779;
			productRefGroup = D0B7458F1841FB06003AB779 /* Products */;
			projectDirPath = "";
			projectRoot = "";
			targets = (
				D0B7458D1841FB06003AB779 /* BitLive */,
				D0B745B11841FB07003AB779 /* BitLiveTests */,
			);
		};
/* End PBXProject section */

/* Begin PBXResourcesBuildPhase section */
		D0B7458C1841FB06003AB779 /* Resources */ = {
			isa = PBXResourcesBuildPhase;
			buildActionMask = 2147483647;
			files = (
				D0B745A81841FB06003AB779 /* Main_iPad.storyboard in Resources */,
				D0B745AD1841FB06003AB779 /* Images.xcassets in Resources */,
				D0B745A51841FB06003AB779 /* Main_iPhone.storyboard in Resources */,
				D0B7459C1841FB06003AB779 /* InfoPlist.strings in Resources */,
			);
			runOnlyForDeploymentPostprocessing = 0;
		};
		D0B745B01841FB07003AB779 /* Resources */ = {
			isa = PBXResourcesBuildPhase;
			buildActionMask = 2147483647;
			files = (
				D0B745BE1841FB07003AB779 /* InfoPlist.strings in Resources */,
			);
			runOnlyForDeploymentPostprocessing = 0;
		};
/* End PBXResourcesBuildPhase section */

/* Begin PBXShellScriptBuildPhase section */
		18D5A0BC6C72472B89ED887B /* Check Pods Manifest.lock */ = {
			isa = PBXShellScriptBuildPhase;
			buildActionMask = 2147483647;
			files = (
			);
			inputPaths = (
			);
			name = "Check Pods Manifest.lock";
			outputPaths = (
			);
			runOnlyForDeploymentPostprocessing = 0;
			shellPath = /bin/sh;
			shellScript = "diff \"${PODS_ROOT}/../Podfile.lock\" \"${PODS_ROOT}/Manifest.lock\" > /dev/null\nif [[ $? != 0 ]] ; then\n    cat << EOM\nerror: The sandbox is not in sync with the Podfile.lock. Run 'pod install' or update your CocoaPods installation.\nEOM\n    exit 1\nfi\n";
		};
		FC414D45FCBB48F2A562F25C /* Copy Pods Resources */ = {
			isa = PBXShellScriptBuildPhase;
			buildActionMask = 2147483647;
			files = (
			);
			inputPaths = (
			);
			name = "Copy Pods Resources";
			outputPaths = (
			);
			runOnlyForDeploymentPostprocessing = 0;
			shellPath = /bin/sh;
			shellScript = "\"${SRCROOT}/Pods/Pods-resources.sh\"\n";
		};
/* End PBXShellScriptBuildPhase section */

/* Begin PBXSourcesBuildPhase section */
		D0B7458A1841FB06003AB779 /* Sources */ = {
			isa = PBXSourcesBuildPhase;
			buildActionMask = 2147483647;
			files = (
				D0B7459E1841FB06003AB779 /* main.m in Sources */,
				D0B745A21841FB06003AB779 /* ROAppDelegate.m in Sources */,
				D0B745AB1841FB06003AB779 /* ROViewController.m in Sources */,
				D0D0EA761848ED4A005E0F6E /* ROBitTablePriceCell.m in Sources */,
				D0809D3B18537D8000C79199 /* ROAlertControlCell.m in Sources */,
				D0B745CB1841FBC6003AB779 /* ROBitLiveViewController.m in Sources */,
				D0C7E48018477D1700A43EDB /* ROBitPrice.m in Sources */,
				D0ED218B18420561007B5782 /* ROBitPricesManager.m in Sources */,
				D0C7E48418478C4200A43EDB /* ROBitSource.m in Sources */,
			);
			runOnlyForDeploymentPostprocessing = 0;
		};
		D0B745AE1841FB07003AB779 /* Sources */ = {
			isa = PBXSourcesBuildPhase;
			buildActionMask = 2147483647;
			files = (
				D0B745C01841FB07003AB779 /* BitLiveTests.m in Sources */,
			);
			runOnlyForDeploymentPostprocessing = 0;
		};
/* End PBXSourcesBuildPhase section */

/* Begin PBXTargetDependency section */
		D0B745B81841FB07003AB779 /* PBXTargetDependency */ = {
			isa = PBXTargetDependency;
			target = D0B7458D1841FB06003AB779 /* BitLive */;
			targetProxy = D0B745B71841FB07003AB779 /* PBXContainerItemProxy */;
		};
/* End PBXTargetDependency section */

/* Begin PBXVariantGroup section */
		D0B7459A1841FB06003AB779 /* InfoPlist.strings */ = {
			isa = PBXVariantGroup;
			children = (
				D0B7459B1841FB06003AB779 /* en */,
			);
			name = InfoPlist.strings;
			sourceTree = "<group>";
		};
		D0B745A31841FB06003AB779 /* Main_iPhone.storyboard */ = {
			isa = PBXVariantGroup;
			children = (
				D0B745A41841FB06003AB779 /* Base */,
			);
			name = Main_iPhone.storyboard;
			sourceTree = "<group>";
		};
		D0B745A61841FB06003AB779 /* Main_iPad.storyboard */ = {
			isa = PBXVariantGroup;
			children = (
				D0B745A71841FB06003AB779 /* Base */,
			);
			name = Main_iPad.storyboard;
			sourceTree = "<group>";
		};
		D0B745BC1841FB07003AB779 /* InfoPlist.strings */ = {
			isa = PBXVariantGroup;
			children = (
				D0B745BD1841FB07003AB779 /* en */,
			);
			name = InfoPlist.strings;
			sourceTree = "<group>";
		};
/* End PBXVariantGroup section */

/* Begin XCBuildConfiguration section */
		D0B745C11841FB07003AB779 /* Debug */ = {
			isa = XCBuildConfiguration;
			buildSettings = {
				ALWAYS_SEARCH_USER_PATHS = NO;
				ARCHS = "$(ARCHS_STANDARD_INCLUDING_64_BIT)";
				CLANG_CXX_LANGUAGE_STANDARD = "gnu++0x";
				CLANG_CXX_LIBRARY = "libc++";
				CLANG_ENABLE_MODULES = YES;
				CLANG_ENABLE_OBJC_ARC = YES;
				CLANG_WARN_BOOL_CONVERSION = YES;
				CLANG_WARN_CONSTANT_CONVERSION = YES;
				CLANG_WARN_DIRECT_OBJC_ISA_USAGE = YES_ERROR;
				CLANG_WARN_EMPTY_BODY = YES;
				CLANG_WARN_ENUM_CONVERSION = YES;
				CLANG_WARN_INT_CONVERSION = YES;
				CLANG_WARN_OBJC_ROOT_CLASS = YES_ERROR;
				CLANG_WARN__DUPLICATE_METHOD_MATCH = YES;
				"CODE_SIGN_IDENTITY[sdk=iphoneos*]" = "iPhone Developer";
				COPY_PHASE_STRIP = NO;
				GCC_C_LANGUAGE_STANDARD = gnu99;
				GCC_DYNAMIC_NO_PIC = NO;
				GCC_OPTIMIZATION_LEVEL = 0;
				GCC_PREPROCESSOR_DEFINITIONS = (
					"DEBUG=1",
					"$(inherited)",
				);
				GCC_SYMBOLS_PRIVATE_EXTERN = NO;
				GCC_WARN_64_TO_32_BIT_CONVERSION = YES;
				GCC_WARN_ABOUT_RETURN_TYPE = YES_ERROR;
				GCC_WARN_UNDECLARED_SELECTOR = YES;
				GCC_WARN_UNINITIALIZED_AUTOS = YES;
				GCC_WARN_UNUSED_FUNCTION = YES;
				GCC_WARN_UNUSED_VARIABLE = YES;
				IPHONEOS_DEPLOYMENT_TARGET = 7.0;
				ONLY_ACTIVE_ARCH = YES;
				SDKROOT = iphoneos;
				TARGETED_DEVICE_FAMILY = "1,2";
			};
			name = Debug;
		};
		D0B745C21841FB07003AB779 /* Release */ = {
			isa = XCBuildConfiguration;
			buildSettings = {
				ALWAYS_SEARCH_USER_PATHS = NO;
				ARCHS = "$(ARCHS_STANDARD_INCLUDING_64_BIT)";
				CLANG_CXX_LANGUAGE_STANDARD = "gnu++0x";
				CLANG_CXX_LIBRARY = "libc++";
				CLANG_ENABLE_MODULES = YES;
				CLANG_ENABLE_OBJC_ARC = YES;
				CLANG_WARN_BOOL_CONVERSION = YES;
				CLANG_WARN_CONSTANT_CONVERSION = YES;
				CLANG_WARN_DIRECT_OBJC_ISA_USAGE = YES_ERROR;
				CLANG_WARN_EMPTY_BODY = YES;
				CLANG_WARN_ENUM_CONVERSION = YES;
				CLANG_WARN_INT_CONVERSION = YES;
				CLANG_WARN_OBJC_ROOT_CLASS = YES_ERROR;
				CLANG_WARN__DUPLICATE_METHOD_MATCH = YES;
				"CODE_SIGN_IDENTITY[sdk=iphoneos*]" = "iPhone Developer";
				COPY_PHASE_STRIP = YES;
				ENABLE_NS_ASSERTIONS = NO;
				GCC_C_LANGUAGE_STANDARD = gnu99;
				GCC_WARN_64_TO_32_BIT_CONVERSION = YES;
				GCC_WARN_ABOUT_RETURN_TYPE = YES_ERROR;
				GCC_WARN_UNDECLARED_SELECTOR = YES;
				GCC_WARN_UNINITIALIZED_AUTOS = YES;
				GCC_WARN_UNUSED_FUNCTION = YES;
				GCC_WARN_UNUSED_VARIABLE = YES;
				IPHONEOS_DEPLOYMENT_TARGET = 7.0;
				SDKROOT = iphoneos;
				TARGETED_DEVICE_FAMILY = "1,2";
				VALIDATE_PRODUCT = YES;
			};
			name = Release;
		};
		D0B745C41841FB07003AB779 /* Debug */ = {
			isa = XCBuildConfiguration;
			baseConfigurationReference = 5F79B3DF03A443FCADB49BEB /* Pods.xcconfig */;
			buildSettings = {
				ASSETCATALOG_COMPILER_APPICON_NAME = AppIcon;
				ASSETCATALOG_COMPILER_LAUNCHIMAGE_NAME = LaunchImage;
				GCC_PRECOMPILE_PREFIX_HEADER = YES;
				GCC_PREFIX_HEADER = "BitLive/BitLive-Prefix.pch";
				INFOPLIST_FILE = "BitLive/BitLive-Info.plist";
				PRODUCT_NAME = "$(TARGET_NAME)";
				WRAPPER_EXTENSION = app;
			};
			name = Debug;
		};
		D0B745C51841FB07003AB779 /* Release */ = {
			isa = XCBuildConfiguration;
			baseConfigurationReference = 5F79B3DF03A443FCADB49BEB /* Pods.xcconfig */;
			buildSettings = {
				ASSETCATALOG_COMPILER_APPICON_NAME = AppIcon;
				ASSETCATALOG_COMPILER_LAUNCHIMAGE_NAME = LaunchImage;
				GCC_PRECOMPILE_PREFIX_HEADER = YES;
				GCC_PREFIX_HEADER = "BitLive/BitLive-Prefix.pch";
				INFOPLIST_FILE = "BitLive/BitLive-Info.plist";
				PRODUCT_NAME = "$(TARGET_NAME)";
				WRAPPER_EXTENSION = app;
			};
			name = Release;
		};
		D0B745C71841FB07003AB779 /* Debug */ = {
			isa = XCBuildConfiguration;
			buildSettings = {
				ARCHS = "$(ARCHS_STANDARD_INCLUDING_64_BIT)";
				BUNDLE_LOADER = "$(BUILT_PRODUCTS_DIR)/BitLive.app/BitLive";
				FRAMEWORK_SEARCH_PATHS = (
					"$(SDKROOT)/Developer/Library/Frameworks",
					"$(inherited)",
					"$(DEVELOPER_FRAMEWORKS_DIR)",
				);
				GCC_PRECOMPILE_PREFIX_HEADER = YES;
				GCC_PREFIX_HEADER = "BitLive/BitLive-Prefix.pch";
				GCC_PREPROCESSOR_DEFINITIONS = (
					"DEBUG=1",
					"$(inherited)",
				);
				INFOPLIST_FILE = "BitLiveTests/BitLiveTests-Info.plist";
				PRODUCT_NAME = "$(TARGET_NAME)";
				TEST_HOST = "$(BUNDLE_LOADER)";
				WRAPPER_EXTENSION = xctest;
			};
			name = Debug;
		};
		D0B745C81841FB07003AB779 /* Release */ = {
			isa = XCBuildConfiguration;
			buildSettings = {
				ARCHS = "$(ARCHS_STANDARD_INCLUDING_64_BIT)";
				BUNDLE_LOADER = "$(BUILT_PRODUCTS_DIR)/BitLive.app/BitLive";
				FRAMEWORK_SEARCH_PATHS = (
					"$(SDKROOT)/Developer/Library/Frameworks",
					"$(inherited)",
					"$(DEVELOPER_FRAMEWORKS_DIR)",
				);
				GCC_PRECOMPILE_PREFIX_HEADER = YES;
				GCC_PREFIX_HEADER = "BitLive/BitLive-Prefix.pch";
				INFOPLIST_FILE = "BitLiveTests/BitLiveTests-Info.plist";
				PRODUCT_NAME = "$(TARGET_NAME)";
				TEST_HOST = "$(BUNDLE_LOADER)";
				WRAPPER_EXTENSION = xctest;
			};
			name = Release;
		};
/* End XCBuildConfiguration section */

/* Begin XCConfigurationList section */
		D0B745891841FB06003AB779 /* Build configuration list for PBXProject "BitLive" */ = {
			isa = XCConfigurationList;
			buildConfigurations = (
				D0B745C11841FB07003AB779 /* Debug */,
				D0B745C21841FB07003AB779 /* Release */,
			);
			defaultConfigurationIsVisible = 0;
			defaultConfigurationName = Release;
		};
		D0B745C31841FB07003AB779 /* Build configuration list for PBXNativeTarget "BitLive" */ = {
			isa = XCConfigurationList;
			buildConfigurations = (
				D0B745C41841FB07003AB779 /* Debug */,
				D0B745C51841FB07003AB779 /* Release */,
			);
			defaultConfigurationIsVisible = 0;
			defaultConfigurationName = Release;
		};
		D0B745C61841FB07003AB779 /* Build configuration list for PBXNativeTarget "BitLiveTests" */ = {
			isa = XCConfigurationList;
			buildConfigurations = (
				D0B745C71841FB07003AB779 /* Debug */,
				D0B745C81841FB07003AB779 /* Release */,
			);
			defaultConfigurationIsVisible = 0;
			defaultConfigurationName = Release;
		};
/* End XCConfigurationList section */
	};
	rootObject = D0B745861841FB06003AB779 /* Project object */;
}
